
Microsoft Visual Studio Solution File, Format Version 12.00
# Visual Studio Version 16
VisualStudioVersion = 16.0.29609.76
MinimumVisualStudioVersion = 10.0.40219.1
Project("{FAE04EC0-301F-11D3-BF4B-00C04F79EFBC}") = "MazeVisualizer", "MazeVisualizer\MazeVisualizer.csproj", "{E1502ACD-A218-4E12-B5D3-260444A207FB}"
EndProject
Global
	GlobalSection(SolutionConfigurationPlatforms) = preSolution
		Debug|Any CPU = Debug|Any CPU
		Release|Any CPU = Release|Any CPU
	EndGlobalSection
	GlobalSection(ProjectConfigurationPlatforms) = postSolution
		{E1502ACD-A218-4E12-B5D3-260444A207FB}.Debug|Any CPU.ActiveCfg = Debug|Any CPU
		{E1502ACD-A218-4E12-B5D3-260444A207FB}.Debug|Any CPU.Build.0 = Debug|Any CPU
		{E1502ACD-A218-4E12-B5D3-260444A207FB}.Release|Any CPU.ActiveCfg = Release|Any CPU
		{E1502ACD-A218-4E12-B5D3-260444A207FB}.Release|Any CPU.Build.0 = Release|Any CPU
	EndGlobalSection
	GlobalSection(SolutionProperties) = preSolution
		HideSolutionNode = FALSE
	EndGlobalSection
	GlobalSection(ExtensibilityGlobals) = postSolution
		SolutionGuid = {59B0A2F7-D7F0-42FA-9B58-3CE76C754026}
	EndGlobalSection
EndGlobal
